
Microsoft Visual Studio Solution File, Format Version 12.00
# Visual Studio Version 17
VisualStudioVersion = 17.2.32526.322
MinimumVisualStudioVersion = 10.0.40219.1
Project("{9A19103F-16F7-4668-BE54-9A1E7A4F7556}") = "poc-ohcmp-minimalapi", "poc-ohcmp-minimalapi.csproj", "{9C6761AF-5F3F-4EF5-8E85-F4B2BF54A753}"
EndProject
Project("{E53339B2-1760-4266-BCC7-CA923CBCF16C}") = "docker-compose", "docker-compose.dcproj", "{5E65018A-F012-4EFB-96E5-C44512C2301E}"
EndProject
Global
	GlobalSection(SolutionConfigurationPlatforms) = preSolution
		Debug|Any CPU = Debug|Any CPU
		Release|Any CPU = Release|Any CPU
	EndGlobalSection
	GlobalSection(ProjectConfigurationPlatforms) = postSolution
		{9C6761AF-5F3F-4EF5-8E85-F4B2BF54A753}.Debug|Any CPU.ActiveCfg = Debug|Any CPU
		{9C6761AF-5F3F-4EF5-8E85-F4B2BF54A753}.Debug|Any CPU.Build.0 = Debug|Any CPU
		{9C6761AF-5F3F-4EF5-8E85-F4B2BF54A753}.Release|Any CPU.ActiveCfg = Release|Any CPU
		{9C6761AF-5F3F-4EF5-8E85-F4B2BF54A753}.Release|Any CPU.Build.0 = Release|Any CPU
		{5E65018A-F012-4EFB-96E5-C44512C2301E}.Debug|Any CPU.ActiveCfg = Debug|Any CPU
		{5E65018A-F012-4EFB-96E5-C44512C2301E}.Debug|Any CPU.Build.0 = Debug|Any CPU
		{5E65018A-F012-4EFB-96E5-C44512C2301E}.Release|Any CPU.ActiveCfg = Release|Any CPU
		{5E65018A-F012-4EFB-96E5-C44512C2301E}.Release|Any CPU.Build.0 = Release|Any CPU
	EndGlobalSection
	GlobalSection(SolutionProperties) = preSolution
		HideSolutionNode = FALSE
	EndGlobalSection
	GlobalSection(ExtensibilityGlobals) = postSolution
		SolutionGuid = {0716B577-7DCA-42FD-BA1C-951117CBA161}
	EndGlobalSection
EndGlobal
